// !$*UTF8*$!
{
	archiveVersion = 1;
	classes = {
	};
	objectVersion = 56;
	objects = {

/* Begin PBXBuildFile section */
		795C53E52CA5752D00F8299A /* EdamamRecipesApp.swift in Sources */ = {isa = PBXBuildFile; fileRef = 795C53E42CA5752D00F8299A /* EdamamRecipesApp.swift */; };
		795C53E92CA5752F00F8299A /* Assets.xcassets in Resources */ = {isa = PBXBuildFile; fileRef = 795C53E82CA5752F00F8299A /* Assets.xcassets */; };
		795C53EC2CA5752F00F8299A /* Preview Assets.xcassets in Resources */ = {isa = PBXBuildFile; fileRef = 795C53EB2CA5752F00F8299A /* Preview Assets.xcassets */; };
		795C53F62CA5752F00F8299A /* RecipesViewModelTests.swift in Sources */ = {isa = PBXBuildFile; fileRef = 795C53F52CA5752F00F8299A /* RecipesViewModelTests.swift */; };
		79A96AA82CA5997000641C8F /* NetworkAgent.swift in Sources */ = {isa = PBXBuildFile; fileRef = 79A96AA72CA5996F00641C8F /* NetworkAgent.swift */; };
		79A96AAA2CA59E9300641C8F /* APIType.swift in Sources */ = {isa = PBXBuildFile; fileRef = 79A96AA92CA59E9300641C8F /* APIType.swift */; };
		79A96AAC2CA5A2B200641C8F /* EdamamAPI.swift in Sources */ = {isa = PBXBuildFile; fileRef = 79A96AAB2CA5A2B200641C8F /* EdamamAPI.swift */; };
		79A96AAF2CA5C5E200641C8F /* Recipe.swift in Sources */ = {isa = PBXBuildFile; fileRef = 79A96AAE2CA5C5E200641C8F /* Recipe.swift */; };
		79A96AB12CA5C76C00641C8F /* ApiClient.swift in Sources */ = {isa = PBXBuildFile; fileRef = 79A96AB02CA5C76C00641C8F /* ApiClient.swift */; };
		79A96AB52CA5CA7F00641C8F /* Dependencies in Frameworks */ = {isa = PBXBuildFile; productRef = 79A96AB42CA5CA7F00641C8F /* Dependencies */; };
		79A96ABA2CA5CD4900641C8F /* MockApiClient+Dependencies.swift in Sources */ = {isa = PBXBuildFile; fileRef = 79A96AB92CA5CD4900641C8F /* MockApiClient+Dependencies.swift */; };
		79A96ABD2CA5CFDB00641C8F /* RecipesViewModel.swift in Sources */ = {isa = PBXBuildFile; fileRef = 79A96ABC2CA5CFDB00641C8F /* RecipesViewModel.swift */; };
		79A96ABF2CA5D9BC00641C8F /* RecipesModals+Mapping.swift in Sources */ = {isa = PBXBuildFile; fileRef = 79A96ABE2CA5D9BC00641C8F /* RecipesModals+Mapping.swift */; };
		79A96AC12CA5DC2400641C8F /* RecipesView.swift in Sources */ = {isa = PBXBuildFile; fileRef = 79A96AC02CA5DC2400641C8F /* RecipesView.swift */; };
		79FDB49C2CA9946A0037FCC2 /* RecipeDto.swift in Sources */ = {isa = PBXBuildFile; fileRef = 79FDB49B2CA9946A0037FCC2 /* RecipeDto.swift */; };
		79FDB4A12CA998F30037FCC2 /* RecipeSearchRequest.swift in Sources */ = {isa = PBXBuildFile; fileRef = 79FDB4A02CA998F30037FCC2 /* RecipeSearchRequest.swift */; };
		79FDB4A52CA9ACA40037FCC2 /* ModelsTests.swift in Sources */ = {isa = PBXBuildFile; fileRef = 79FDB4A42CA9ACA40037FCC2 /* ModelsTests.swift */; };
		79FDB4A72CA9B0460037FCC2 /* RecipeDetailsDto.swift in Sources */ = {isa = PBXBuildFile; fileRef = 79FDB4A62CA9B0460037FCC2 /* RecipeDetailsDto.swift */; };
		79FDB4A92CA9CA290037FCC2 /* URLQueryItem.swift in Sources */ = {isa = PBXBuildFile; fileRef = 79FDB4A82CA9CA290037FCC2 /* URLQueryItem.swift */; };
		79FDB4B02CA9EF930037FCC2 /* RecipesFilterModels.swift in Sources */ = {isa = PBXBuildFile; fileRef = 79FDB4AF2CA9EF930037FCC2 /* RecipesFilterModels.swift */; };
		79FDB4B22CA9F2460037FCC2 /* RecipesFilterViewModel.swift in Sources */ = {isa = PBXBuildFile; fileRef = 79FDB4B12CA9F2460037FCC2 /* RecipesFilterViewModel.swift */; };
		79FDB4B42CA9F46B0037FCC2 /* RecipesFilterView.swift in Sources */ = {isa = PBXBuildFile; fileRef = 79FDB4B32CA9F46B0037FCC2 /* RecipesFilterView.swift */; };
		79FDB4B72CAA0B430037FCC2 /* SwiftUINavigation in Frameworks */ = {isa = PBXBuildFile; productRef = 79FDB4B62CAA0B430037FCC2 /* SwiftUINavigation */; };
		79FDB4BA2CAA8CC30037FCC2 /* SnapshotTesting in Frameworks */ = {isa = PBXBuildFile; productRef = 79FDB4B92CAA8CC30037FCC2 /* SnapshotTesting */; };
		79FDB4BC2CAA8CE20037FCC2 /* RecipesViewUITests.swift in Sources */ = {isa = PBXBuildFile; fileRef = 79FDB4BB2CAA8CE20037FCC2 /* RecipesViewUITests.swift */; };
		79FDB4C22CAA8FC10037FCC2 /* testDisplayingRecipeList.1.png in Resources */ = {isa = PBXBuildFile; fileRef = 79FDB4BD2CAA8FC10037FCC2 /* testDisplayingRecipeList.1.png */; };
		79FDB4C32CAA8FC10037FCC2 /* testRecipesView_EmptyState.1.png in Resources */ = {isa = PBXBuildFile; fileRef = 79FDB4BE2CAA8FC10037FCC2 /* testRecipesView_EmptyState.1.png */; };
		79FDB4C42CAA8FC10037FCC2 /* testRecipesView_ErrorState.1.png in Resources */ = {isa = PBXBuildFile; fileRef = 79FDB4BF2CAA8FC10037FCC2 /* testRecipesView_ErrorState.1.png */; };
/* End PBXBuildFile section */

/* Begin PBXContainerItemProxy section */
		795C53F22CA5752F00F8299A /* PBXContainerItemProxy */ = {
			isa = PBXContainerItemProxy;
			containerPortal = 795C53D92CA5752D00F8299A /* Project object */;
			proxyType = 1;
			remoteGlobalIDString = 795C53E02CA5752D00F8299A;
			remoteInfo = EdamamRecipes;
		};
/* End PBXContainerItemProxy section */

/* Begin PBXFileReference section */
		795C53E12CA5752D00F8299A /* EdamamRecipes.app */ = {isa = PBXFileReference; explicitFileType = wrapper.application; includeInIndex = 0; path = EdamamRecipes.app; sourceTree = BUILT_PRODUCTS_DIR; };
		795C53E42CA5752D00F8299A /* EdamamRecipesApp.swift */ = {isa = PBXFileReference; lastKnownFileType = sourcecode.swift; path = EdamamRecipesApp.swift; sourceTree = "<group>"; };
		795C53E82CA5752F00F8299A /* Assets.xcassets */ = {isa = PBXFileReference; lastKnownFileType = folder.assetcatalog; path = Assets.xcassets; sourceTree = "<group>"; };
		795C53EB2CA5752F00F8299A /* Preview Assets.xcassets */ = {isa = PBXFileReference; lastKnownFileType = folder.assetcatalog; path = "Preview Assets.xcassets"; sourceTree = "<group>"; };
		795C53F12CA5752F00F8299A /* EdamamRecipesTests.xctest */ = {isa = PBXFileReference; explicitFileType = wrapper.cfbundle; includeInIndex = 0; path = EdamamRecipesTests.xctest; sourceTree = BUILT_PRODUCTS_DIR; };
		795C53F52CA5752F00F8299A /* RecipesViewModelTests.swift */ = {isa = PBXFileReference; lastKnownFileType = sourcecode.swift; path = RecipesViewModelTests.swift; sourceTree = "<group>"; };
		79A96AA72CA5996F00641C8F /* NetworkAgent.swift */ = {isa = PBXFileReference; lastKnownFileType = sourcecode.swift; path = NetworkAgent.swift; sourceTree = "<group>"; };
		79A96AA92CA59E9300641C8F /* APIType.swift */ = {isa = PBXFileReference; lastKnownFileType = sourcecode.swift; path = APIType.swift; sourceTree = "<group>"; };
		79A96AAB2CA5A2B200641C8F /* EdamamAPI.swift */ = {isa = PBXFileReference; lastKnownFileType = sourcecode.swift; path = EdamamAPI.swift; sourceTree = "<group>"; };
		79A96AAE2CA5C5E200641C8F /* Recipe.swift */ = {isa = PBXFileReference; lastKnownFileType = sourcecode.swift; path = Recipe.swift; sourceTree = "<group>"; };
		79A96AB02CA5C76C00641C8F /* ApiClient.swift */ = {isa = PBXFileReference; lastKnownFileType = sourcecode.swift; path = ApiClient.swift; sourceTree = "<group>"; };
		79A96AB92CA5CD4900641C8F /* MockApiClient+Dependencies.swift */ = {isa = PBXFileReference; lastKnownFileType = sourcecode.swift; path = "MockApiClient+Dependencies.swift"; sourceTree = "<group>"; };
		79A96ABC2CA5CFDB00641C8F /* RecipesViewModel.swift */ = {isa = PBXFileReference; lastKnownFileType = sourcecode.swift; path = RecipesViewModel.swift; sourceTree = "<group>"; };
		79A96ABE2CA5D9BC00641C8F /* RecipesModals+Mapping.swift */ = {isa = PBXFileReference; lastKnownFileType = sourcecode.swift; path = "RecipesModals+Mapping.swift"; sourceTree = "<group>"; };
		79A96AC02CA5DC2400641C8F /* RecipesView.swift */ = {isa = PBXFileReference; lastKnownFileType = sourcecode.swift; path = RecipesView.swift; sourceTree = "<group>"; };
		79FDB49B2CA9946A0037FCC2 /* RecipeDto.swift */ = {isa = PBXFileReference; lastKnownFileType = sourcecode.swift; path = RecipeDto.swift; sourceTree = "<group>"; };
		79FDB4A02CA998F30037FCC2 /* RecipeSearchRequest.swift */ = {isa = PBXFileReference; lastKnownFileType = sourcecode.swift; path = RecipeSearchRequest.swift; sourceTree = "<group>"; };
		79FDB4A42CA9ACA40037FCC2 /* ModelsTests.swift */ = {isa = PBXFileReference; lastKnownFileType = sourcecode.swift; path = ModelsTests.swift; sourceTree = "<group>"; };
		79FDB4A62CA9B0460037FCC2 /* RecipeDetailsDto.swift */ = {isa = PBXFileReference; lastKnownFileType = sourcecode.swift; path = RecipeDetailsDto.swift; sourceTree = "<group>"; };
		79FDB4A82CA9CA290037FCC2 /* URLQueryItem.swift */ = {isa = PBXFileReference; lastKnownFileType = sourcecode.swift; path = URLQueryItem.swift; sourceTree = "<group>"; };
		79FDB4AF2CA9EF930037FCC2 /* RecipesFilterModels.swift */ = {isa = PBXFileReference; lastKnownFileType = sourcecode.swift; path = RecipesFilterModels.swift; sourceTree = "<group>"; };
		79FDB4B12CA9F2460037FCC2 /* RecipesFilterViewModel.swift */ = {isa = PBXFileReference; lastKnownFileType = sourcecode.swift; path = RecipesFilterViewModel.swift; sourceTree = "<group>"; };
		79FDB4B32CA9F46B0037FCC2 /* RecipesFilterView.swift */ = {isa = PBXFileReference; lastKnownFileType = sourcecode.swift; path = RecipesFilterView.swift; sourceTree = "<group>"; };
		79FDB4BB2CAA8CE20037FCC2 /* RecipesViewUITests.swift */ = {isa = PBXFileReference; lastKnownFileType = sourcecode.swift; path = RecipesViewUITests.swift; sourceTree = "<group>"; };
		79FDB4BD2CAA8FC10037FCC2 /* testDisplayingRecipeList.1.png */ = {isa = PBXFileReference; lastKnownFileType = image.png; path = testDisplayingRecipeList.1.png; sourceTree = "<group>"; };
		79FDB4BE2CAA8FC10037FCC2 /* testRecipesView_EmptyState.1.png */ = {isa = PBXFileReference; lastKnownFileType = image.png; path = testRecipesView_EmptyState.1.png; sourceTree = "<group>"; };
		79FDB4BF2CAA8FC10037FCC2 /* testRecipesView_ErrorState.1.png */ = {isa = PBXFileReference; lastKnownFileType = image.png; path = testRecipesView_ErrorState.1.png; sourceTree = "<group>"; };
/* End PBXFileReference section */

/* Begin PBXFrameworksBuildPhase section */
		795C53DE2CA5752D00F8299A /* Frameworks */ = {
			isa = PBXFrameworksBuildPhase;
			buildActionMask = 2147483647;
			files = (
				79FDB4B72CAA0B430037FCC2 /* SwiftUINavigation in Frameworks */,
				79A96AB52CA5CA7F00641C8F /* Dependencies in Frameworks */,
			);
			runOnlyForDeploymentPostprocessing = 0;
		};
		795C53EE2CA5752F00F8299A /* Frameworks */ = {
			isa = PBXFrameworksBuildPhase;
			buildActionMask = 2147483647;
			files = (
				79FDB4BA2CAA8CC30037FCC2 /* SnapshotTesting in Frameworks */,
			);
			runOnlyForDeploymentPostprocessing = 0;
		};
/* End PBXFrameworksBuildPhase section */

/* Begin PBXGroup section */
		795C53D82CA5752D00F8299A = {
			isa = PBXGroup;
			children = (
				795C53E32CA5752D00F8299A /* EdamamRecipes */,
				795C53F42CA5752F00F8299A /* EdamamRecipesTests */,
				795C53E22CA5752D00F8299A /* Products */,
				79A96AB32CA5CA7F00641C8F /* Frameworks */,
			);
			sourceTree = "<group>";
		};
		795C53E22CA5752D00F8299A /* Products */ = {
			isa = PBXGroup;
			children = (
				795C53E12CA5752D00F8299A /* EdamamRecipes.app */,
				795C53F12CA5752F00F8299A /* EdamamRecipesTests.xctest */,
			);
			name = Products;
			sourceTree = "<group>";
		};
		795C53E32CA5752D00F8299A /* EdamamRecipes */ = {
			isa = PBXGroup;
			children = (
				795C540E2CA5777200F8299A /* Dependencies */,
				795C540F2CA5777B00F8299A /* Features */,
				795C53E42CA5752D00F8299A /* EdamamRecipesApp.swift */,
				795C54102CA577F500F8299A /* Misc */,
				795C53E82CA5752F00F8299A /* Assets.xcassets */,
				795C53EA2CA5752F00F8299A /* Preview Content */,
			);
			path = EdamamRecipes;
			sourceTree = "<group>";
		};
		795C53EA2CA5752F00F8299A /* Preview Content */ = {
			isa = PBXGroup;
			children = (
				795C53EB2CA5752F00F8299A /* Preview Assets.xcassets */,
			);
			path = "Preview Content";
			sourceTree = "<group>";
		};
		795C53F42CA5752F00F8299A /* EdamamRecipesTests */ = {
			isa = PBXGroup;
			children = (
				79FDB4C12CAA8FC10037FCC2 /* __Snapshots__ */,
				795C53F52CA5752F00F8299A /* RecipesViewModelTests.swift */,
				79FDB4A42CA9ACA40037FCC2 /* ModelsTests.swift */,
				79FDB4BB2CAA8CE20037FCC2 /* RecipesViewUITests.swift */,
			);
			path = EdamamRecipesTests;
			sourceTree = "<group>";
		};
		795C540E2CA5777200F8299A /* Dependencies */ = {
			isa = PBXGroup;
			children = (
				79A96AAD2CA5C5D600641C8F /* Models */,
				79A96AA62CA5995900641C8F /* Networking */,
			);
			path = Dependencies;
			sourceTree = "<group>";
		};
		795C540F2CA5777B00F8299A /* Features */ = {
			isa = PBXGroup;
			children = (
				79FDB4C72CAA965D0037FCC2 /* RecipeDetails */,
				79FDB4AE2CA9EF4C0037FCC2 /* RecipesFilter */,
				79A96ABB2CA5CFB900641C8F /* Recipes */,
			);
			path = Features;
			sourceTree = "<group>";
		};
		795C54102CA577F500F8299A /* Misc */ = {
			isa = PBXGroup;
			children = (
				79FDB4A82CA9CA290037FCC2 /* URLQueryItem.swift */,
			);
			path = Misc;
			sourceTree = "<group>";
		};
		79A96AA62CA5995900641C8F /* Networking */ = {
			isa = PBXGroup;
			children = (
				79FDB49F2CA998D90037FCC2 /* RequestModels */,
				79FDB49A2CA994480037FCC2 /* Dtos */,
				79A96AB62CA5CD2B00641C8F /* ApiClient */,
				79A96AA72CA5996F00641C8F /* NetworkAgent.swift */,
				79A96AA92CA59E9300641C8F /* APIType.swift */,
				79A96AAB2CA5A2B200641C8F /* EdamamAPI.swift */,
			);
			path = Networking;
			sourceTree = "<group>";
		};
		79A96AAD2CA5C5D600641C8F /* Models */ = {
			isa = PBXGroup;
			children = (
				79A96AAE2CA5C5E200641C8F /* Recipe.swift */,
			);
			path = Models;
			sourceTree = "<group>";
		};
		79A96AB32CA5CA7F00641C8F /* Frameworks */ = {
			isa = PBXGroup;
			children = (
			);
			name = Frameworks;
			sourceTree = "<group>";
		};
		79A96AB62CA5CD2B00641C8F /* ApiClient */ = {
			isa = PBXGroup;
			children = (
				79A96AB02CA5C76C00641C8F /* ApiClient.swift */,
				79A96AB92CA5CD4900641C8F /* MockApiClient+Dependencies.swift */,
			);
			path = ApiClient;
			sourceTree = "<group>";
		};
		79A96ABB2CA5CFB900641C8F /* Recipes */ = {
			isa = PBXGroup;
			children = (
				79A96ABC2CA5CFDB00641C8F /* RecipesViewModel.swift */,
				79A96ABE2CA5D9BC00641C8F /* RecipesModals+Mapping.swift */,
				79A96AC02CA5DC2400641C8F /* RecipesView.swift */,
			);
			path = Recipes;
			sourceTree = "<group>";
		};
		79FDB49A2CA994480037FCC2 /* Dtos */ = {
			isa = PBXGroup;
			children = (
				79FDB49B2CA9946A0037FCC2 /* RecipeDto.swift */,
				79FDB4A62CA9B0460037FCC2 /* RecipeDetailsDto.swift */,
			);
			path = Dtos;
			sourceTree = "<group>";
		};
		79FDB49F2CA998D90037FCC2 /* RequestModels */ = {
			isa = PBXGroup;
			children = (
				79FDB4A02CA998F30037FCC2 /* RecipeSearchRequest.swift */,
			);
			path = RequestModels;
			sourceTree = "<group>";
		};
		79FDB4AE2CA9EF4C0037FCC2 /* RecipesFilter */ = {
			isa = PBXGroup;
			children = (
				79FDB4AF2CA9EF930037FCC2 /* RecipesFilterModels.swift */,
				79FDB4B12CA9F2460037FCC2 /* RecipesFilterViewModel.swift */,
				79FDB4B32CA9F46B0037FCC2 /* RecipesFilterView.swift */,
			);
			path = RecipesFilter;
			sourceTree = "<group>";
		};
		79FDB4C02CAA8FC10037FCC2 /* RecipesViewUITests */ = {
			isa = PBXGroup;
			children = (
				79FDB4BD2CAA8FC10037FCC2 /* testDisplayingRecipeList.1.png */,
				79FDB4BE2CAA8FC10037FCC2 /* testRecipesView_EmptyState.1.png */,
				79FDB4BF2CAA8FC10037FCC2 /* testRecipesView_ErrorState.1.png */,
			);
			path = RecipesViewUITests;
			sourceTree = "<group>";
		};
		79FDB4C12CAA8FC10037FCC2 /* __Snapshots__ */ = {
			isa = PBXGroup;
			children = (
				79FDB4C02CAA8FC10037FCC2 /* RecipesViewUITests */,
			);
			path = __Snapshots__;
			sourceTree = "<group>";
		};
		79FDB4C72CAA965D0037FCC2 /* RecipeDetails */ = {
			isa = PBXGroup;
			children = (
			);
			path = RecipeDetails;
			sourceTree = "<group>";
		};
/* End PBXGroup section */

/* Begin PBXNativeTarget section */
		795C53E02CA5752D00F8299A /* EdamamRecipes */ = {
			isa = PBXNativeTarget;
			buildConfigurationList = 795C54052CA5752F00F8299A /* Build configuration list for PBXNativeTarget "EdamamRecipes" */;
			buildPhases = (
				795C53DD2CA5752D00F8299A /* Sources */,
				795C53DE2CA5752D00F8299A /* Frameworks */,
				795C53DF2CA5752D00F8299A /* Resources */,
			);
			buildRules = (
			);
			dependencies = (
			);
			name = EdamamRecipes;
			packageProductDependencies = (
				79A96AB42CA5CA7F00641C8F /* Dependencies */,
				79FDB4B62CAA0B430037FCC2 /* SwiftUINavigation */,
			);
			productName = EdamamRecipes;
			productReference = 795C53E12CA5752D00F8299A /* EdamamRecipes.app */;
			productType = "com.apple.product-type.application";
		};
		795C53F02CA5752F00F8299A /* EdamamRecipesTests */ = {
			isa = PBXNativeTarget;
			buildConfigurationList = 795C54082CA5752F00F8299A /* Build configuration list for PBXNativeTarget "EdamamRecipesTests" */;
			buildPhases = (
				795C53ED2CA5752F00F8299A /* Sources */,
				795C53EE2CA5752F00F8299A /* Frameworks */,
				795C53EF2CA5752F00F8299A /* Resources */,
			);
			buildRules = (
			);
			dependencies = (
				795C53F32CA5752F00F8299A /* PBXTargetDependency */,
			);
			name = EdamamRecipesTests;
			packageProductDependencies = (
				79FDB4B92CAA8CC30037FCC2 /* SnapshotTesting */,
			);
			productName = EdamamRecipesTests;
			productReference = 795C53F12CA5752F00F8299A /* EdamamRecipesTests.xctest */;
			productType = "com.apple.product-type.bundle.unit-test";
		};
/* End PBXNativeTarget section */

/* Begin PBXProject section */
		795C53D92CA5752D00F8299A /* Project object */ = {
			isa = PBXProject;
			attributes = {
				BuildIndependentTargetsInParallel = 1;
				LastSwiftUpdateCheck = 1530;
				LastUpgradeCheck = 1530;
				TargetAttributes = {
					795C53E02CA5752D00F8299A = {
						CreatedOnToolsVersion = 15.3;
					};
					795C53F02CA5752F00F8299A = {
						CreatedOnToolsVersion = 15.3;
						TestTargetID = 795C53E02CA5752D00F8299A;
					};
				};
			};
			buildConfigurationList = 795C53DC2CA5752D00F8299A /* Build configuration list for PBXProject "EdamamRecipes" */;
			compatibilityVersion = "Xcode 14.0";
			developmentRegion = en;
			hasScannedForEncodings = 0;
			knownRegions = (
				en,
				Base,
			);
			mainGroup = 795C53D82CA5752D00F8299A;
			packageReferences = (
				79A96AB22CA5C9A300641C8F /* XCRemoteSwiftPackageReference "swift-dependencies" */,
				79FDB4B52CAA0B370037FCC2 /* XCRemoteSwiftPackageReference "swift-navigation" */,
				79FDB4B82CAA8CBB0037FCC2 /* XCRemoteSwiftPackageReference "swift-snapshot-testing" */,
			);
			productRefGroup = 795C53E22CA5752D00F8299A /* Products */;
			projectDirPath = "";
			projectRoot = "";
			targets = (
				795C53E02CA5752D00F8299A /* EdamamRecipes */,
				795C53F02CA5752F00F8299A /* EdamamRecipesTests */,
			);
		};
/* End PBXProject section */

/* Begin PBXResourcesBuildPhase section */
		795C53DF2CA5752D00F8299A /* Resources */ = {
			isa = PBXResourcesBuildPhase;
			buildActionMask = 2147483647;
			files = (
				795C53EC2CA5752F00F8299A /* Preview Assets.xcassets in Resources */,
				795C53E92CA5752F00F8299A /* Assets.xcassets in Resources */,
			);
			runOnlyForDeploymentPostprocessing = 0;
		};
		795C53EF2CA5752F00F8299A /* Resources */ = {
			isa = PBXResourcesBuildPhase;
			buildActionMask = 2147483647;
			files = (
				79FDB4C32CAA8FC10037FCC2 /* testRecipesView_EmptyState.1.png in Resources */,
				79FDB4C22CAA8FC10037FCC2 /* testDisplayingRecipeList.1.png in Resources */,
				79FDB4C42CAA8FC10037FCC2 /* testRecipesView_ErrorState.1.png in Resources */,
			);
			runOnlyForDeploymentPostprocessing = 0;
		};
/* End PBXResourcesBuildPhase section */

/* Begin PBXSourcesBuildPhase section */
		795C53DD2CA5752D00F8299A /* Sources */ = {
			isa = PBXSourcesBuildPhase;
			buildActionMask = 2147483647;
			files = (
				79A96ABA2CA5CD4900641C8F /* MockApiClient+Dependencies.swift in Sources */,
				79A96ABF2CA5D9BC00641C8F /* RecipesModals+Mapping.swift in Sources */,
				79FDB49C2CA9946A0037FCC2 /* RecipeDto.swift in Sources */,
				79A96AB12CA5C76C00641C8F /* ApiClient.swift in Sources */,
				79FDB4B22CA9F2460037FCC2 /* RecipesFilterViewModel.swift in Sources */,
				79A96AAA2CA59E9300641C8F /* APIType.swift in Sources */,
				79FDB4B02CA9EF930037FCC2 /* RecipesFilterModels.swift in Sources */,
				79A96AAC2CA5A2B200641C8F /* EdamamAPI.swift in Sources */,
				79A96AAF2CA5C5E200641C8F /* Recipe.swift in Sources */,
				79A96ABD2CA5CFDB00641C8F /* RecipesViewModel.swift in Sources */,
				795C53E52CA5752D00F8299A /* EdamamRecipesApp.swift in Sources */,
				79FDB4A92CA9CA290037FCC2 /* URLQueryItem.swift in Sources */,
				79FDB4A72CA9B0460037FCC2 /* RecipeDetailsDto.swift in Sources */,
				79A96AC12CA5DC2400641C8F /* RecipesView.swift in Sources */,
				79FDB4B42CA9F46B0037FCC2 /* RecipesFilterView.swift in Sources */,
				79A96AA82CA5997000641C8F /* NetworkAgent.swift in Sources */,
				79FDB4A12CA998F30037FCC2 /* RecipeSearchRequest.swift in Sources */,
			);
			runOnlyForDeploymentPostprocessing = 0;
		};
		795C53ED2CA5752F00F8299A /* Sources */ = {
			isa = PBXSourcesBuildPhase;
			buildActionMask = 2147483647;
			files = (
				79FDB4BC2CAA8CE20037FCC2 /* RecipesViewUITests.swift in Sources */,
				795C53F62CA5752F00F8299A /* RecipesViewModelTests.swift in Sources */,
				79FDB4A52CA9ACA40037FCC2 /* ModelsTests.swift in Sources */,
			);
			runOnlyForDeploymentPostprocessing = 0;
		};
/* End PBXSourcesBuildPhase section */

/* Begin PBXTargetDependency section */
		795C53F32CA5752F00F8299A /* PBXTargetDependency */ = {
			isa = PBXTargetDependency;
			target = 795C53E02CA5752D00F8299A /* EdamamRecipes */;
			targetProxy = 795C53F22CA5752F00F8299A /* PBXContainerItemProxy */;
		};
/* End PBXTargetDependency section */

/* Begin XCBuildConfiguration section */
		795C54032CA5752F00F8299A /* Debug */ = {
			isa = XCBuildConfiguration;
			buildSettings = {
				ALWAYS_SEARCH_USER_PATHS = NO;
				ASSETCATALOG_COMPILER_GENERATE_SWIFT_ASSET_SYMBOL_EXTENSIONS = YES;
				CLANG_ANALYZER_NONNULL = YES;
				CLANG_ANALYZER_NUMBER_OBJECT_CONVERSION = YES_AGGRESSIVE;
				CLANG_CXX_LANGUAGE_STANDARD = "gnu++20";
				CLANG_ENABLE_MODULES = YES;
				CLANG_ENABLE_OBJC_ARC = YES;
				CLANG_ENABLE_OBJC_WEAK = YES;
				CLANG_WARN_BLOCK_CAPTURE_AUTORELEASING = YES;
				CLANG_WARN_BOOL_CONVERSION = YES;
				CLANG_WARN_COMMA = YES;
				CLANG_WARN_CONSTANT_CONVERSION = YES;
				CLANG_WARN_DEPRECATED_OBJC_IMPLEMENTATIONS = YES;
				CLANG_WARN_DIRECT_OBJC_ISA_USAGE = YES_ERROR;
				CLANG_WARN_DOCUMENTATION_COMMENTS = YES;
				CLANG_WARN_EMPTY_BODY = YES;
				CLANG_WARN_ENUM_CONVERSION = YES;
				CLANG_WARN_INFINITE_RECURSION = YES;
				CLANG_WARN_INT_CONVERSION = YES;
				CLANG_WARN_NON_LITERAL_NULL_CONVERSION = YES;
				CLANG_WARN_OBJC_IMPLICIT_RETAIN_SELF = YES;
				CLANG_WARN_OBJC_LITERAL_CONVERSION = YES;
				CLANG_WARN_OBJC_ROOT_CLASS = YES_ERROR;
				CLANG_WARN_QUOTED_INCLUDE_IN_FRAMEWORK_HEADER = YES;
				CLANG_WARN_RANGE_LOOP_ANALYSIS = YES;
				CLANG_WARN_STRICT_PROTOTYPES = YES;
				CLANG_WARN_SUSPICIOUS_MOVE = YES;
				CLANG_WARN_UNGUARDED_AVAILABILITY = YES_AGGRESSIVE;
				CLANG_WARN_UNREACHABLE_CODE = YES;
				CLANG_WARN__DUPLICATE_METHOD_MATCH = YES;
				COPY_PHASE_STRIP = NO;
				DEBUG_INFORMATION_FORMAT = dwarf;
				ENABLE_STRICT_OBJC_MSGSEND = YES;
				ENABLE_TESTABILITY = YES;
				ENABLE_USER_SCRIPT_SANDBOXING = YES;
				GCC_C_LANGUAGE_STANDARD = gnu17;
				GCC_DYNAMIC_NO_PIC = NO;
				GCC_NO_COMMON_BLOCKS = YES;
				GCC_OPTIMIZATION_LEVEL = 0;
				GCC_PREPROCESSOR_DEFINITIONS = (
					"DEBUG=1",
					"$(inherited)",
				);
				GCC_WARN_64_TO_32_BIT_CONVERSION = YES;
				GCC_WARN_ABOUT_RETURN_TYPE = YES_ERROR;
				GCC_WARN_UNDECLARED_SELECTOR = YES;
				GCC_WARN_UNINITIALIZED_AUTOS = YES_AGGRESSIVE;
				GCC_WARN_UNUSED_FUNCTION = YES;
				GCC_WARN_UNUSED_VARIABLE = YES;
				IPHONEOS_DEPLOYMENT_TARGET = 17.4;
				LOCALIZATION_PREFERS_STRING_CATALOGS = YES;
				MTL_ENABLE_DEBUG_INFO = INCLUDE_SOURCE;
				MTL_FAST_MATH = YES;
				ONLY_ACTIVE_ARCH = YES;
				SDKROOT = iphoneos;
				SWIFT_ACTIVE_COMPILATION_CONDITIONS = "DEBUG $(inherited)";
				SWIFT_OPTIMIZATION_LEVEL = "-Onone";
			};
			name = Debug;
		};
		795C54042CA5752F00F8299A /* Release */ = {
			isa = XCBuildConfiguration;
			buildSettings = {
				ALWAYS_SEARCH_USER_PATHS = NO;
				ASSETCATALOG_COMPILER_GENERATE_SWIFT_ASSET_SYMBOL_EXTENSIONS = YES;
				CLANG_ANALYZER_NONNULL = YES;
				CLANG_ANALYZER_NUMBER_OBJECT_CONVERSION = YES_AGGRESSIVE;
				CLANG_CXX_LANGUAGE_STANDARD = "gnu++20";
				CLANG_ENABLE_MODULES = YES;
				CLANG_ENABLE_OBJC_ARC = YES;
				CLANG_ENABLE_OBJC_WEAK = YES;
				CLANG_WARN_BLOCK_CAPTURE_AUTORELEASING = YES;
				CLANG_WARN_BOOL_CONVERSION = YES;
				CLANG_WARN_COMMA = YES;
				CLANG_WARN_CONSTANT_CONVERSION = YES;
				CLANG_WARN_DEPRECATED_OBJC_IMPLEMENTATIONS = YES;
				CLANG_WARN_DIRECT_OBJC_ISA_USAGE = YES_ERROR;
				CLANG_WARN_DOCUMENTATION_COMMENTS = YES;
				CLANG_WARN_EMPTY_BODY = YES;
				CLANG_WARN_ENUM_CONVERSION = YES;
				CLANG_WARN_INFINITE_RECURSION = YES;
				CLANG_WARN_INT_CONVERSION = YES;
				CLANG_WARN_NON_LITERAL_NULL_CONVERSION = YES;
				CLANG_WARN_OBJC_IMPLICIT_RETAIN_SELF = YES;
				CLANG_WARN_OBJC_LITERAL_CONVERSION = YES;
				CLANG_WARN_OBJC_ROOT_CLASS = YES_ERROR;
				CLANG_WARN_QUOTED_INCLUDE_IN_FRAMEWORK_HEADER = YES;
				CLANG_WARN_RANGE_LOOP_ANALYSIS = YES;
				CLANG_WARN_STRICT_PROTOTYPES = YES;
				CLANG_WARN_SUSPICIOUS_MOVE = YES;
				CLANG_WARN_UNGUARDED_AVAILABILITY = YES_AGGRESSIVE;
				CLANG_WARN_UNREACHABLE_CODE = YES;
				CLANG_WARN__DUPLICATE_METHOD_MATCH = YES;
				COPY_PHASE_STRIP = NO;
				DEBUG_INFORMATION_FORMAT = "dwarf-with-dsym";
				ENABLE_NS_ASSERTIONS = NO;
				ENABLE_STRICT_OBJC_MSGSEND = YES;
				ENABLE_USER_SCRIPT_SANDBOXING = YES;
				GCC_C_LANGUAGE_STANDARD = gnu17;
				GCC_NO_COMMON_BLOCKS = YES;
				GCC_WARN_64_TO_32_BIT_CONVERSION = YES;
				GCC_WARN_ABOUT_RETURN_TYPE = YES_ERROR;
				GCC_WARN_UNDECLARED_SELECTOR = YES;
				GCC_WARN_UNINITIALIZED_AUTOS = YES_AGGRESSIVE;
				GCC_WARN_UNUSED_FUNCTION = YES;
				GCC_WARN_UNUSED_VARIABLE = YES;
				IPHONEOS_DEPLOYMENT_TARGET = 17.4;
				LOCALIZATION_PREFERS_STRING_CATALOGS = YES;
				MTL_ENABLE_DEBUG_INFO = NO;
				MTL_FAST_MATH = YES;
				SDKROOT = iphoneos;
				SWIFT_COMPILATION_MODE = wholemodule;
				VALIDATE_PRODUCT = YES;
			};
			name = Release;
		};
		795C54062CA5752F00F8299A /* Debug */ = {
			isa = XCBuildConfiguration;
			buildSettings = {
				ASSETCATALOG_COMPILER_APPICON_NAME = AppIcon;
				ASSETCATALOG_COMPILER_GLOBAL_ACCENT_COLOR_NAME = AccentColor;
				CODE_SIGN_STYLE = Automatic;
				CURRENT_PROJECT_VERSION = 1;
				DEVELOPMENT_ASSET_PATHS = "\"EdamamRecipes/Preview Content\"";
				DEVELOPMENT_TEAM = K9D2L8Q3A8;
				ENABLE_PREVIEWS = YES;
				GENERATE_INFOPLIST_FILE = YES;
				INFOPLIST_KEY_UIApplicationSceneManifest_Generation = YES;
				INFOPLIST_KEY_UIApplicationSupportsIndirectInputEvents = YES;
				INFOPLIST_KEY_UILaunchScreen_Generation = YES;
				INFOPLIST_KEY_UISupportedInterfaceOrientations_iPad = "UIInterfaceOrientationPortrait UIInterfaceOrientationPortraitUpsideDown UIInterfaceOrientationLandscapeLeft UIInterfaceOrientationLandscapeRight";
				INFOPLIST_KEY_UISupportedInterfaceOrientations_iPhone = "UIInterfaceOrientationPortrait UIInterfaceOrientationLandscapeLeft UIInterfaceOrientationLandscapeRight";
				LD_RUNPATH_SEARCH_PATHS = (
					"$(inherited)",
					"@executable_path/Frameworks",
				);
				MARKETING_VERSION = 1.0;
				PRODUCT_BUNDLE_IDENTIFIER = com.test.EdamamRecipes;
				PRODUCT_NAME = "$(TARGET_NAME)";
				SWIFT_EMIT_LOC_STRINGS = YES;
				SWIFT_VERSION = 5.0;
				TARGETED_DEVICE_FAMILY = "1,2";
			};
			name = Debug;
		};
		795C54072CA5752F00F8299A /* Release */ = {
			isa = XCBuildConfiguration;
			buildSettings = {
				ASSETCATALOG_COMPILER_APPICON_NAME = AppIcon;
				ASSETCATALOG_COMPILER_GLOBAL_ACCENT_COLOR_NAME = AccentColor;
				CODE_SIGN_STYLE = Automatic;
				CURRENT_PROJECT_VERSION = 1;
				DEVELOPMENT_ASSET_PATHS = "\"EdamamRecipes/Preview Content\"";
				DEVELOPMENT_TEAM = K9D2L8Q3A8;
				ENABLE_PREVIEWS = YES;
				GENERATE_INFOPLIST_FILE = YES;
				INFOPLIST_KEY_UIApplicationSceneManifest_Generation = YES;
				INFOPLIST_KEY_UIApplicationSupportsIndirectInputEvents = YES;
				INFOPLIST_KEY_UILaunchScreen_Generation = YES;
				INFOPLIST_KEY_UISupportedInterfaceOrientations_iPad = "UIInterfaceOrientationPortrait UIInterfaceOrientationPortraitUpsideDown UIInterfaceOrientationLandscapeLeft UIInterfaceOrientationLandscapeRight";
				INFOPLIST_KEY_UISupportedInterfaceOrientations_iPhone = "UIInterfaceOrientationPortrait UIInterfaceOrientationLandscapeLeft UIInterfaceOrientationLandscapeRight";
				LD_RUNPATH_SEARCH_PATHS = (
					"$(inherited)",
					"@executable_path/Frameworks",
				);
				MARKETING_VERSION = 1.0;
				PRODUCT_BUNDLE_IDENTIFIER = com.test.EdamamRecipes;
				PRODUCT_NAME = "$(TARGET_NAME)";
				SWIFT_EMIT_LOC_STRINGS = YES;
				SWIFT_VERSION = 5.0;
				TARGETED_DEVICE_FAMILY = "1,2";
			};
			name = Release;
		};
		795C54092CA5752F00F8299A /* Debug */ = {
			isa = XCBuildConfiguration;
			buildSettings = {
				ALWAYS_EMBED_SWIFT_STANDARD_LIBRARIES = YES;
				BUNDLE_LOADER = "$(TEST_HOST)";
				CODE_SIGN_STYLE = Automatic;
				CURRENT_PROJECT_VERSION = 1;
				DEVELOPMENT_TEAM = K9D2L8Q3A8;
				GENERATE_INFOPLIST_FILE = YES;
				IPHONEOS_DEPLOYMENT_TARGET = 17.4;
				MARKETING_VERSION = 1.0;
				PRODUCT_BUNDLE_IDENTIFIER = com.test.EdamamRecipesTests;
				PRODUCT_NAME = "$(TARGET_NAME)";
				SWIFT_EMIT_LOC_STRINGS = NO;
				SWIFT_VERSION = 5.0;
				TARGETED_DEVICE_FAMILY = "1,2";
				TEST_HOST = "$(BUILT_PRODUCTS_DIR)/EdamamRecipes.app/$(BUNDLE_EXECUTABLE_FOLDER_PATH)/EdamamRecipes";
			};
			name = Debug;
		};
		795C540A2CA5752F00F8299A /* Release */ = {
			isa = XCBuildConfiguration;
			buildSettings = {
				ALWAYS_EMBED_SWIFT_STANDARD_LIBRARIES = YES;
				BUNDLE_LOADER = "$(TEST_HOST)";
				CODE_SIGN_STYLE = Automatic;
				CURRENT_PROJECT_VERSION = 1;
				DEVELOPMENT_TEAM = K9D2L8Q3A8;
				GENERATE_INFOPLIST_FILE = YES;
				IPHONEOS_DEPLOYMENT_TARGET = 17.4;
				MARKETING_VERSION = 1.0;
				PRODUCT_BUNDLE_IDENTIFIER = com.test.EdamamRecipesTests;
				PRODUCT_NAME = "$(TARGET_NAME)";
				SWIFT_EMIT_LOC_STRINGS = NO;
				SWIFT_VERSION = 5.0;
				TARGETED_DEVICE_FAMILY = "1,2";
				TEST_HOST = "$(BUILT_PRODUCTS_DIR)/EdamamRecipes.app/$(BUNDLE_EXECUTABLE_FOLDER_PATH)/EdamamRecipes";
			};
			name = Release;
		};
/* End XCBuildConfiguration section */

/* Begin XCConfigurationList section */
		795C53DC2CA5752D00F8299A /* Build configuration list for PBXProject "EdamamRecipes" */ = {
			isa = XCConfigurationList;
			buildConfigurations = (
				795C54032CA5752F00F8299A /* Debug */,
				795C54042CA5752F00F8299A /* Release */,
			);
			defaultConfigurationIsVisible = 0;
			defaultConfigurationName = Release;
		};
		795C54052CA5752F00F8299A /* Build configuration list for PBXNativeTarget "EdamamRecipes" */ = {
			isa = XCConfigurationList;
			buildConfigurations = (
				795C54062CA5752F00F8299A /* Debug */,
				795C54072CA5752F00F8299A /* Release */,
			);
			defaultConfigurationIsVisible = 0;
			defaultConfigurationName = Release;
		};
		795C54082CA5752F00F8299A /* Build configuration list for PBXNativeTarget "EdamamRecipesTests" */ = {
			isa = XCConfigurationList;
			buildConfigurations = (
				795C54092CA5752F00F8299A /* Debug */,
				795C540A2CA5752F00F8299A /* Release */,
			);
			defaultConfigurationIsVisible = 0;
			defaultConfigurationName = Release;
		};
/* End XCConfigurationList section */

/* Begin XCRemoteSwiftPackageReference section */
		79A96AB22CA5C9A300641C8F /* XCRemoteSwiftPackageReference "swift-dependencies" */ = {
			isa = XCRemoteSwiftPackageReference;
			repositoryURL = "https://github.com/pointfreeco/swift-dependencies";
			requirement = {
				kind = exactVersion;
				version = 1.4.1;
			};
		};
		79FDB4B52CAA0B370037FCC2 /* XCRemoteSwiftPackageReference "swift-navigation" */ = {
			isa = XCRemoteSwiftPackageReference;
			repositoryURL = "https://github.com/pointfreeco/swift-navigation";
			requirement = {
				kind = exactVersion;
				version = 2.2.1;
			};
		};
		79FDB4B82CAA8CBB0037FCC2 /* XCRemoteSwiftPackageReference "swift-snapshot-testing" */ = {
			isa = XCRemoteSwiftPackageReference;
			repositoryURL = "https://github.com/pointfreeco/swift-snapshot-testing";
			requirement = {
				kind = exactVersion;
				version = 1.17.5;
			};
		};
/* End XCRemoteSwiftPackageReference section */

/* Begin XCSwiftPackageProductDependency section */
		79A96AB42CA5CA7F00641C8F /* Dependencies */ = {
			isa = XCSwiftPackageProductDependency;
			package = 79A96AB22CA5C9A300641C8F /* XCRemoteSwiftPackageReference "swift-dependencies" */;
			productName = Dependencies;
		};
		79FDB4B62CAA0B430037FCC2 /* SwiftUINavigation */ = {
			isa = XCSwiftPackageProductDependency;
			package = 79FDB4B52CAA0B370037FCC2 /* XCRemoteSwiftPackageReference "swift-navigation" */;
			productName = SwiftUINavigation;
		};
		79FDB4B92CAA8CC30037FCC2 /* SnapshotTesting */ = {
			isa = XCSwiftPackageProductDependency;
			package = 79FDB4B82CAA8CBB0037FCC2 /* XCRemoteSwiftPackageReference "swift-snapshot-testing" */;
			productName = SnapshotTesting;
		};
/* End XCSwiftPackageProductDependency section */
	};
	rootObject = 795C53D92CA5752D00F8299A /* Project object */;
}
